// !$*UTF8*$!
{
	archiveVersion = 1;
	classes = {
	};
	objectVersion = 46;
	objects = {

/* Begin PBXBuildFile section */
		946F51D519E16AB2007B258D /* AppDelegate.swift in Sources */ = {isa = PBXBuildFile; fileRef = 946F51D419E16AB2007B258D /* AppDelegate.swift */; };
		946F51D719E16AB2007B258D /* ViewController.swift in Sources */ = {isa = PBXBuildFile; fileRef = 946F51D619E16AB2007B258D /* ViewController.swift */; };
		946F51DA19E16AB2007B258D /* Main.storyboard in Resources */ = {isa = PBXBuildFile; fileRef = 946F51D819E16AB2007B258D /* Main.storyboard */; };
		946F51DC19E16AB2007B258D /* Images.xcassets in Resources */ = {isa = PBXBuildFile; fileRef = 946F51DB19E16AB2007B258D /* Images.xcassets */; };
		946F51DF19E16AB2007B258D /* LaunchScreen.xib in Resources */ = {isa = PBXBuildFile; fileRef = 946F51DD19E16AB2007B258D /* LaunchScreen.xib */; };
		946F51EB19E16AB2007B258D /* CustomTableCellTests.swift in Sources */ = {isa = PBXBuildFile; fileRef = 946F51EA19E16AB2007B258D /* CustomTableCellTests.swift */; };
		946F51FB19E17F69007B258D /* vwTblCell.xib in Resources */ = {isa = PBXBuildFile; fileRef = 946F51FA19E17F69007B258D /* vwTblCell.xib */; };
		946F51FD19E17FCE007B258D /* TblCell.swift in Sources */ = {isa = PBXBuildFile; fileRef = 946F51FC19E17FCE007B258D /* TblCell.swift */; };
/* End PBXBuildFile section */

/* Begin PBXContainerItemProxy section */
		946F51E519E16AB2007B258D /* PBXContainerItemProxy */ = {
			isa = PBXContainerItemProxy;
			containerPortal = 946F51C719E16AB2007B258D /* Project object */;
			proxyType = 1;
			remoteGlobalIDString = 946F51CE19E16AB2007B258D;
			remoteInfo = CustomTableCell;
		};
/* End PBXContainerItemProxy section */

/* Begin PBXFileReference section */
		946F51CF19E16AB2007B258D /* CustomTableCell.app */ = {isa = PBXFileReference; explicitFileType = wrapper.application; includeInIndex = 0; path = CustomTableCell.app; sourceTree = BUILT_PRODUCTS_DIR; };
		946F51D319E16AB2007B258D /* Info.plist */ = {isa = PBXFileReference; lastKnownFileType = text.plist.xml; path = Info.plist; sourceTree = "<group>"; };
		946F51D419E16AB2007B258D /* AppDelegate.swift */ = {isa = PBXFileReference; lastKnownFileType = sourcecode.swift; path = AppDelegate.swift; sourceTree = "<group>"; };
		946F51D619E16AB2007B258D /* ViewController.swift */ = {isa = PBXFileReference; lastKnownFileType = sourcecode.swift; path = ViewController.swift; sourceTree = "<group>"; };
		946F51D919E16AB2007B258D /* Base */ = {isa = PBXFileReference; lastKnownFileType = file.storyboard; name = Base; path = Base.lproj/Main.storyboard; sourceTree = "<group>"; };
		946F51DB19E16AB2007B258D /* Images.xcassets */ = {isa = PBXFileReference; lastKnownFileType = folder.assetcatalog; path = Images.xcassets; sourceTree = "<group>"; };
		946F51DE19E16AB2007B258D /* Base */ = {isa = PBXFileReference; lastKnownFileType = file.xib; name = Base; path = Base.lproj/LaunchScreen.xib; sourceTree = "<group>"; };
		946F51E419E16AB2007B258D /* CustomTableCellTests.xctest */ = {isa = PBXFileReference; explicitFileType = wrapper.cfbundle; includeInIndex = 0; path = CustomTableCellTests.xctest; sourceTree = BUILT_PRODUCTS_DIR; };
		946F51E919E16AB2007B258D /* Info.plist */ = {isa = PBXFileReference; lastKnownFileType = text.plist.xml; path = Info.plist; sourceTree = "<group>"; };
		946F51EA19E16AB2007B258D /* CustomTableCellTests.swift */ = {isa = PBXFileReference; lastKnownFileType = sourcecode.swift; path = CustomTableCellTests.swift; sourceTree = "<group>"; };
		946F51FA19E17F69007B258D /* vwTblCell.xib */ = {isa = PBXFileReference; fileEncoding = 4; lastKnownFileType = file.xib; path = vwTblCell.xib; sourceTree = "<group>"; };
		946F51FC19E17FCE007B258D /* TblCell.swift */ = {isa = PBXFileReference; fileEncoding = 4; lastKnownFileType = sourcecode.swift; path = TblCell.swift; sourceTree = "<group>"; };
/* End PBXFileReference section */

/* Begin PBXFrameworksBuildPhase section */
		946F51CC19E16AB2007B258D /* Frameworks */ = {
			isa = PBXFrameworksBuildPhase;
			buildActionMask = 2147483647;
			files = (
			);
			runOnlyForDeploymentPostprocessing = 0;
		};
		946F51E119E16AB2007B258D /* Frameworks */ = {
			isa = PBXFrameworksBuildPhase;
			buildActionMask = 2147483647;
			files = (
			);
			runOnlyForDeploymentPostprocessing = 0;
		};
/* End PBXFrameworksBuildPhase section */

/* Begin PBXGroup section */
		946F51C619E16AB2007B258D = {
			isa = PBXGroup;
			children = (
				946F51D119E16AB2007B258D /* CustomTableCell */,
				946F51E719E16AB2007B258D /* CustomTableCellTests */,
				946F51D019E16AB2007B258D /* Products */,
			);
			sourceTree = "<group>";
		};
		946F51D019E16AB2007B258D /* Products */ = {
			isa = PBXGroup;
			children = (
				946F51CF19E16AB2007B258D /* CustomTableCell.app */,
				946F51E419E16AB2007B258D /* CustomTableCellTests.xctest */,
			);
			name = Products;
			sourceTree = "<group>";
		};
		946F51D119E16AB2007B258D /* CustomTableCell */ = {
			isa = PBXGroup;
			children = (
				946F51D419E16AB2007B258D /* AppDelegate.swift */,
				946F51D619E16AB2007B258D /* ViewController.swift */,
				946F51FA19E17F69007B258D /* vwTblCell.xib */,
				946F51FC19E17FCE007B258D /* TblCell.swift */,
				946F51D819E16AB2007B258D /* Main.storyboard */,
				946F51DB19E16AB2007B258D /* Images.xcassets */,
				946F51DD19E16AB2007B258D /* LaunchScreen.xib */,
				946F51D219E16AB2007B258D /* Supporting Files */,
			);
			path = CustomTableCell;
			sourceTree = "<group>";
		};
		946F51D219E16AB2007B258D /* Supporting Files */ = {
			isa = PBXGroup;
			children = (
				946F51D319E16AB2007B258D /* Info.plist */,
			);
			name = "Supporting Files";
			sourceTree = "<group>";
		};
		946F51E719E16AB2007B258D /* CustomTableCellTests */ = {
			isa = PBXGroup;
			children = (
				946F51EA19E16AB2007B258D /* CustomTableCellTests.swift */,
				946F51E819E16AB2007B258D /* Supporting Files */,
			);
			path = CustomTableCellTests;
			sourceTree = "<group>";
		};
		946F51E819E16AB2007B258D /* Supporting Files */ = {
			isa = PBXGroup;
			children = (
				946F51E919E16AB2007B258D /* Info.plist */,
			);
			name = "Supporting Files";
			sourceTree = "<group>";
		};
/* End PBXGroup section */

/* Begin PBXNativeTarget section */
		946F51CE19E16AB2007B258D /* CustomTableCell */ = {
			isa = PBXNativeTarget;
			buildConfigurationList = 946F51EE19E16AB2007B258D /* Build configuration list for PBXNativeTarget "CustomTableCell" */;
			buildPhases = (
				946F51CB19E16AB2007B258D /* Sources */,
				946F51CC19E16AB2007B258D /* Frameworks */,
				946F51CD19E16AB2007B258D /* Resources */,
			);
			buildRules = (
			);
			dependencies = (
			);
			name = CustomTableCell;
			productName = CustomTableCell;
			productReference = 946F51CF19E16AB2007B258D /* CustomTableCell.app */;
			productType = "com.apple.product-type.application";
		};
		946F51E319E16AB2007B258D /* CustomTableCellTests */ = {
			isa = PBXNativeTarget;
			buildConfigurationList = 946F51F119E16AB2007B258D /* Build configuration list for PBXNativeTarget "CustomTableCellTests" */;
			buildPhases = (
				946F51E019E16AB2007B258D /* Sources */,
				946F51E119E16AB2007B258D /* Frameworks */,
				946F51E219E16AB2007B258D /* Resources */,
			);
			buildRules = (
			);
			dependencies = (
				946F51E619E16AB2007B258D /* PBXTargetDependency */,
			);
			name = CustomTableCellTests;
			productName = CustomTableCellTests;
			productReference = 946F51E419E16AB2007B258D /* CustomTableCellTests.xctest */;
			productType = "com.apple.product-type.bundle.unit-test";
		};
/* End PBXNativeTarget section */

/* Begin PBXProject section */
		946F51C719E16AB2007B258D /* Project object */ = {
			isa = PBXProject;
			attributes = {
				LastUpgradeCheck = 0600;
				ORGANIZATIONNAME = Seemu;
				TargetAttributes = {
					946F51CE19E16AB2007B258D = {
						CreatedOnToolsVersion = 6.0;
					};
					946F51E319E16AB2007B258D = {
						CreatedOnToolsVersion = 6.0;
						TestTargetID = 946F51CE19E16AB2007B258D;
					};
				};
			};
			buildConfigurationList = 946F51CA19E16AB2007B258D /* Build configuration list for PBXProject "CustomTableCell" */;
			compatibilityVersion = "Xcode 3.2";
			developmentRegion = English;
			hasScannedForEncodings = 0;
			knownRegions = (
				en,
				Base,
			);
			mainGroup = 946F51C619E16AB2007B258D;
			productRefGroup = 946F51D019E16AB2007B258D /* Products */;
			projectDirPath = "";
			projectRoot = "";
			targets = (
				946F51CE19E16AB2007B258D /* CustomTableCell */,
				946F51E319E16AB2007B258D /* CustomTableCellTests */,
			);
		};
/* End PBXProject section */

/* Begin PBXResourcesBuildPhase section */
		946F51CD19E16AB2007B258D /* Resources */ = {
			isa = PBXResourcesBuildPhase;
			buildActionMask = 2147483647;
			files = (
				946F51DA19E16AB2007B258D /* Main.storyboard in Resources */,
				946F51FB19E17F69007B258D /* vwTblCell.xib in Resources */,
				946F51DF19E16AB2007B258D /* LaunchScreen.xib in Resources */,
				946F51DC19E16AB2007B258D /* Images.xcassets in Resources */,
			);
			runOnlyForDeploymentPostprocessing = 0;
		};
		946F51E219E16AB2007B258D /* Resources */ = {
			isa = PBXResourcesBuildPhase;
			buildActionMask = 2147483647;
			files = (
			);
			runOnlyForDeploymentPostprocessing = 0;
		};
/* End PBXResourcesBuildPhase section */

/* Begin PBXSourcesBuildPhase section */
		946F51CB19E16AB2007B258D /* Sources */ = {
			isa = PBXSourcesBuildPhase;
			buildActionMask = 2147483647;
			files = (
				946F51D719E16AB2007B258D /* ViewController.swift in Sources */,
				946F51D519E16AB2007B258D /* AppDelegate.swift in Sources */,
				946F51FD19E17FCE007B258D /* TblCell.swift in Sources */,
			);
			runOnlyForDeploymentPostprocessing = 0;
		};
		946F51E019E16AB2007B258D /* Sources */ = {
			isa = PBXSourcesBuildPhase;
			buildActionMask = 2147483647;
			files = (
				946F51EB19E16AB2007B258D /* CustomTableCellTests.swift in Sources */,
			);
			runOnlyForDeploymentPostprocessing = 0;
		};
/* End PBXSourcesBuildPhase section */

/* Begin PBXTargetDependency section */
		946F51E619E16AB2007B258D /* PBXTargetDependency */ = {
			isa = PBXTargetDependency;
			target = 946F51CE19E16AB2007B258D /* CustomTableCell */;
			targetProxy = 946F51E519E16AB2007B258D /* PBXContainerItemProxy */;
		};
/* End PBXTargetDependency section */

/* Begin PBXVariantGroup section */
		946F51D819E16AB2007B258D /* Main.storyboard */ = {
			isa = PBXVariantGroup;
			children = (
				946F51D919E16AB2007B258D /* Base */,
			);
			name = Main.storyboard;
			sourceTree = "<group>";
		};
		946F51DD19E16AB2007B258D /* LaunchScreen.xib */ = {
			isa = PBXVariantGroup;
			children = (
				946F51DE19E16AB2007B258D /* Base */,
			);
			name = LaunchScreen.xib;
			sourceTree = "<group>";
		};
/* End PBXVariantGroup section */

/* Begin XCBuildConfiguration section */
		946F51EC19E16AB2007B258D /* Debug */ = {
			isa = XCBuildConfiguration;
			buildSettings = {
				ALWAYS_SEARCH_USER_PATHS = NO;
				CLANG_CXX_LANGUAGE_STANDARD = "gnu++0x";
				CLANG_CXX_LIBRARY = "libc++";
				CLANG_ENABLE_MODULES = YES;
				CLANG_ENABLE_OBJC_ARC = YES;
				CLANG_WARN_BOOL_CONVERSION = YES;
				CLANG_WARN_CONSTANT_CONVERSION = YES;
				CLANG_WARN_DIRECT_OBJC_ISA_USAGE = YES_ERROR;
				CLANG_WARN_EMPTY_BODY = YES;
				CLANG_WARN_ENUM_CONVERSION = YES;
				CLANG_WARN_INT_CONVERSION = YES;
				CLANG_WARN_OBJC_ROOT_CLASS = YES_ERROR;
				CLANG_WARN_UNREACHABLE_CODE = YES;
				CLANG_WARN__DUPLICATE_METHOD_MATCH = YES;
				"CODE_SIGN_IDENTITY[sdk=iphoneos*]" = "iPhone Developer";
				COPY_PHASE_STRIP = NO;
				ENABLE_STRICT_OBJC_MSGSEND = YES;
				GCC_C_LANGUAGE_STANDARD = gnu99;
				GCC_DYNAMIC_NO_PIC = NO;
				GCC_OPTIMIZATION_LEVEL = 0;
				GCC_PREPROCESSOR_DEFINITIONS = (
					"DEBUG=1",
					"$(inherited)",
				);
				GCC_SYMBOLS_PRIVATE_EXTERN = NO;
				GCC_WARN_64_TO_32_BIT_CONVERSION = YES;
				GCC_WARN_ABOUT_RETURN_TYPE = YES_ERROR;
				GCC_WARN_UNDECLARED_SELECTOR = YES;
				GCC_WARN_UNINITIALIZED_AUTOS = YES_AGGRESSIVE;
				GCC_WARN_UNUSED_FUNCTION = YES;
				GCC_WARN_UNUSED_VARIABLE = YES;
				IPHONEOS_DEPLOYMENT_TARGET = 8.0;
				MTL_ENABLE_DEBUG_INFO = YES;
				ONLY_ACTIVE_ARCH = YES;
				SDKROOT = iphoneos;
				SWIFT_OPTIMIZATION_LEVEL = "-Onone";
				TARGETED_DEVICE_FAMILY = "1,2";
			};
			name = Debug;
		};
		946F51ED19E16AB2007B258D /* Release */ = {
			isa = XCBuildConfiguration;
			buildSettings = {
				ALWAYS_SEARCH_USER_PATHS = NO;
				CLANG_CXX_LANGUAGE_STANDARD = "gnu++0x";
				CLANG_CXX_LIBRARY = "libc++";
				CLANG_ENABLE_MODULES = YES;
				CLANG_ENABLE_OBJC_ARC = YES;
				CLANG_WARN_BOOL_CONVERSION = YES;
				CLANG_WARN_CONSTANT_CONVERSION = YES;
				CLANG_WARN_DIRECT_OBJC_ISA_USAGE = YES_ERROR;
				CLANG_WARN_EMPTY_BODY = YES;
				CLANG_WARN_ENUM_CONVERSION = YES;
				CLANG_WARN_INT_CONVERSION = YES;
				CLANG_WARN_OBJC_ROOT_CLASS = YES_ERROR;
				CLANG_WARN_UNREACHABLE_CODE = YES;
				CLANG_WARN__DUPLICATE_METHOD_MATCH = YES;
				"CODE_SIGN_IDENTITY[sdk=iphoneos*]" = "iPhone Developer";
				COPY_PHASE_STRIP = YES;
				ENABLE_NS_ASSERTIONS = NO;
				ENABLE_STRICT_OBJC_MSGSEND = YES;
				GCC_C_LANGUAGE_STANDARD = gnu99;
				GCC_WARN_64_TO_32_BIT_CONVERSION = YES;
				GCC_WARN_ABOUT_RETURN_TYPE = YES_ERROR;
				GCC_WARN_UNDECLARED_SELECTOR = YES;
				GCC_WARN_UNINITIALIZED_AUTOS = YES_AGGRESSIVE;
				GCC_WARN_UNUSED_FUNCTION = YES;
				GCC_WARN_UNUSED_VARIABLE = YES;
				IPHONEOS_DEPLOYMENT_TARGET = 8.0;
				MTL_ENABLE_DEBUG_INFO = NO;
				SDKROOT = iphoneos;
				TARGETED_DEVICE_FAMILY = "1,2";
				VALIDATE_PRODUCT = YES;
			};
			name = Release;
		};
		946F51EF19E16AB2007B258D /* Debug */ = {
			isa = XCBuildConfiguration;
			buildSettings = {
				ASSETCATALOG_COMPILER_APPICON_NAME = AppIcon;
				INFOPLIST_FILE = CustomTableCell/Info.plist;
				LD_RUNPATH_SEARCH_PATHS = "$(inherited) @executable_path/Frameworks";
				PRODUCT_NAME = "$(TARGET_NAME)";
			};
			name = Debug;
		};
		946F51F019E16AB2007B258D /* Release */ = {
			isa = XCBuildConfiguration;
			buildSettings = {
				ASSETCATALOG_COMPILER_APPICON_NAME = AppIcon;
				INFOPLIST_FILE = CustomTableCell/Info.plist;
				LD_RUNPATH_SEARCH_PATHS = "$(inherited) @executable_path/Frameworks";
				PRODUCT_NAME = "$(TARGET_NAME)";
			};
			name = Release;
		};
		946F51F219E16AB2007B258D /* Debug */ = {
			isa = XCBuildConfiguration;
			buildSettings = {
				BUNDLE_LOADER = "$(TEST_HOST)";
				FRAMEWORK_SEARCH_PATHS = (
					"$(SDKROOT)/Developer/Library/Frameworks",
					"$(inherited)",
				);
				GCC_PREPROCESSOR_DEFINITIONS = (
					"DEBUG=1",
					"$(inherited)",
				);
				INFOPLIST_FILE = CustomTableCellTests/Info.plist;
				LD_RUNPATH_SEARCH_PATHS = "$(inherited) @executable_path/Frameworks @loader_path/Frameworks";
				PRODUCT_NAME = "$(TARGET_NAME)";
				TEST_HOST = "$(BUILT_PRODUCTS_DIR)/CustomTableCell.app/CustomTableCell";
			};
			name = Debug;
		};
		946F51F319E16AB2007B258D /* Release */ = {
			isa = XCBuildConfiguration;
			buildSettings = {
				BUNDLE_LOADER = "$(TEST_HOST)";
				FRAMEWORK_SEARCH_PATHS = (
					"$(SDKROOT)/Developer/Library/Frameworks",
					"$(inherited)",
				);
				INFOPLIST_FILE = CustomTableCellTests/Info.plist;
				LD_RUNPATH_SEARCH_PATHS = "$(inherited) @executable_path/Frameworks @loader_path/Frameworks";
				PRODUCT_NAME = "$(TARGET_NAME)";
				TEST_HOST = "$(BUILT_PRODUCTS_DIR)/CustomTableCell.app/CustomTableCell";
			};
			name = Release;
		};
/* End XCBuildConfiguration section */

/* Begin XCConfigurationList section */
		946F51CA19E16AB2007B258D /* Build configuration list for PBXProject "CustomTableCell" */ = {
			isa = XCConfigurationList;
			buildConfigurations = (
				946F51EC19E16AB2007B258D /* Debug */,
				946F51ED19E16AB2007B258D /* Release */,
			);
			defaultConfigurationIsVisible = 0;
			defaultConfigurationName = Release;
		};
		946F51EE19E16AB2007B258D /* Build configuration list for PBXNativeTarget "CustomTableCell" */ = {
			isa = XCConfigurationList;
			buildConfigurations = (
				946F51EF19E16AB2007B258D /* Debug */,
				946F51F019E16AB2007B258D /* Release */,
			);
			defaultConfigurationIsVisible = 0;
			defaultConfigurationName = Release;
		};
		946F51F119E16AB2007B258D /* Build configuration list for PBXNativeTarget "CustomTableCellTests" */ = {
			isa = XCConfigurationList;
			buildConfigurations = (
				946F51F219E16AB2007B258D /* Debug */,
				946F51F319E16AB2007B258D /* Release */,
			);
			defaultConfigurationIsVisible = 0;
			defaultConfigurationName = Release;
		};
/* End XCConfigurationList section */
	};
	rootObject = 946F51C719E16AB2007B258D /* Project object */;
}
